
Microsoft Visual Studio Solution File, Format Version 11.00
# Visual Studio 2010
Project("{FAE04EC0-301F-11D3-BF4B-00C04F79EFBC}") = "Assembly-CSharp", "Assembly-CSharp.csproj", "{77F6F27B-DA35-8654-01BC-558A021CC9A1}"
EndProject
Project("{FAE04EC0-301F-11D3-BF4B-00C04F79EFBC}") = "Assembly-CSharp-Editor", "Assembly-CSharp-Editor.csproj", "{A5AD92FB-2EFE-3FB3-674F-216B71D57AF3}"
EndProject
Global
	GlobalSection(SolutionConfigurationPlatforms) = preSolution
		Debug|Any CPU = Debug|Any CPU
		Release|Any CPU = Release|Any CPU
	EndGlobalSection
	GlobalSection(ProjectConfigurationPlatforms) = postSolution
		{77F6F27B-DA35-8654-01BC-558A021CC9A1}.Debug|Any CPU.ActiveCfg = Debug|Any CPU
		{77F6F27B-DA35-8654-01BC-558A021CC9A1}.Debug|Any CPU.Build.0 = Debug|Any CPU
		{77F6F27B-DA35-8654-01BC-558A021CC9A1}.Release|Any CPU.ActiveCfg = Release|Any CPU
		{77F6F27B-DA35-8654-01BC-558A021CC9A1}.Release|Any CPU.Build.0 = Release|Any CPU
		{A5AD92FB-2EFE-3FB3-674F-216B71D57AF3}.Debug|Any CPU.ActiveCfg = Debug|Any CPU
		{A5AD92FB-2EFE-3FB3-674F-216B71D57AF3}.Debug|Any CPU.Build.0 = Debug|Any CPU
		{A5AD92FB-2EFE-3FB3-674F-216B71D57AF3}.Release|Any CPU.ActiveCfg = Release|Any CPU
		{A5AD92FB-2EFE-3FB3-674F-216B71D57AF3}.Release|Any CPU.Build.0 = Release|Any CPU
	EndGlobalSection
	GlobalSection(SolutionProperties) = preSolution
		HideSolutionNode = FALSE
	EndGlobalSection
	GlobalSection(MonoDevelopProperties) = preSolution
		StartupItem = Assembly-CSharp.csproj
	EndGlobalSection
EndGlobal
