
Microsoft Visual Studio Solution File, Format Version 11.00
# Visual Studio 2010
Project("{FAE04EC0-301F-11D3-BF4B-00C04F79EFBC}") = "Assembly-CSharp", "Assembly-CSharp.csproj", "{F576B186-1C1F-BE5B-8058-F21485A1C2B8}"
EndProject
Project("{FAE04EC0-301F-11D3-BF4B-00C04F79EFBC}") = "Assembly-CSharp-Editor", "Assembly-CSharp-Editor.csproj", "{0E0DD463-5167-2E29-1385-90AD408FA563}"
EndProject
Global
	GlobalSection(SolutionConfigurationPlatforms) = preSolution
		Debug|Any CPU = Debug|Any CPU
		Release|Any CPU = Release|Any CPU
	EndGlobalSection
	GlobalSection(ProjectConfigurationPlatforms) = postSolution
		{F576B186-1C1F-BE5B-8058-F21485A1C2B8}.Debug|Any CPU.ActiveCfg = Debug|Any CPU
		{F576B186-1C1F-BE5B-8058-F21485A1C2B8}.Debug|Any CPU.Build.0 = Debug|Any CPU
		{F576B186-1C1F-BE5B-8058-F21485A1C2B8}.Release|Any CPU.ActiveCfg = Release|Any CPU
		{F576B186-1C1F-BE5B-8058-F21485A1C2B8}.Release|Any CPU.Build.0 = Release|Any CPU
		{0E0DD463-5167-2E29-1385-90AD408FA563}.Debug|Any CPU.ActiveCfg = Debug|Any CPU
		{0E0DD463-5167-2E29-1385-90AD408FA563}.Debug|Any CPU.Build.0 = Debug|Any CPU
		{0E0DD463-5167-2E29-1385-90AD408FA563}.Release|Any CPU.ActiveCfg = Release|Any CPU
		{0E0DD463-5167-2E29-1385-90AD408FA563}.Release|Any CPU.Build.0 = Release|Any CPU
	EndGlobalSection
	GlobalSection(SolutionProperties) = preSolution
		HideSolutionNode = FALSE
	EndGlobalSection
	GlobalSection(MonoDevelopProperties) = preSolution
		StartupItem = Assembly-CSharp.csproj
	EndGlobalSection
EndGlobal
